
Microsoft Visual Studio Solution File, Format Version 12.00
# Visual Studio Version 16
VisualStudioVersion = 16.0.31624.102
MinimumVisualStudioVersion = 10.0.40219.1
Project("{9A19103F-16F7-4668-BE54-9A1E7A4F7556}") = "Probleme_Gincu", "Probleme_Gincu\Probleme_Gincu.csproj", "{DC01D328-B5F8-49B4-9520-01A1F824A92D}"
EndProject
Project("{2150E333-8FDC-42A3-9474-1A3956D46DE8}") = "01if_else", "01if_else", "{F2F7520C-15F4-4776-9485-B69FB9D351DE}"
EndProject
Project("{9A19103F-16F7-4668-BE54-9A1E7A4F7556}") = "01", "01\01.csproj", "{0FAB89A5-D6EB-46E6-9459-6F79CC2E8C42}"
EndProject
Project("{9A19103F-16F7-4668-BE54-9A1E7A4F7556}") = "02", "5\02.csproj", "{E83A4EDC-CA81-4DFD-8C41-5E766EE3308F}"
EndProject
Project("{9A19103F-16F7-4668-BE54-9A1E7A4F7556}") = "03", "03\03.csproj", "{DF24C350-1856-4FB0-B981-89078E682AE4}"
EndProject
Project("{9A19103F-16F7-4668-BE54-9A1E7A4F7556}") = "04", "04\04.csproj", "{54E80983-F9C1-4F93-A54A-CF7F6F76FC95}"
EndProject
Project("{9A19103F-16F7-4668-BE54-9A1E7A4F7556}") = "05", "05\05.csproj", "{2A14C505-A1B8-45D7-8A9A-3BC35A1A94D0}"
EndProject
Project("{FAE04EC0-301F-11D3-BF4B-00C04F79EFBC}") = "06", "06\06.csproj", "{229CF04C-6C7B-4FA3-8A99-EACA55C613E6}"
EndProject
Project("{FAE04EC0-301F-11D3-BF4B-00C04F79EFBC}") = "07", "07\07.csproj", "{E756399F-01E6-4856-B5C6-2558D295012D}"
EndProject
Project("{FAE04EC0-301F-11D3-BF4B-00C04F79EFBC}") = "08", "08\08.csproj", "{8790396D-460E-4A3B-9CF7-AD7DEC58FD9E}"
EndProject
Global
	GlobalSection(SolutionConfigurationPlatforms) = preSolution
		Debug|Any CPU = Debug|Any CPU
		Debug|x64 = Debug|x64
		Debug|x86 = Debug|x86
		Release|Any CPU = Release|Any CPU
		Release|x64 = Release|x64
		Release|x86 = Release|x86
	EndGlobalSection
	GlobalSection(ProjectConfigurationPlatforms) = postSolution
		{DC01D328-B5F8-49B4-9520-01A1F824A92D}.Debug|Any CPU.ActiveCfg = Debug|Any CPU
		{DC01D328-B5F8-49B4-9520-01A1F824A92D}.Debug|Any CPU.Build.0 = Debug|Any CPU
		{DC01D328-B5F8-49B4-9520-01A1F824A92D}.Debug|x64.ActiveCfg = Debug|Any CPU
		{DC01D328-B5F8-49B4-9520-01A1F824A92D}.Debug|x64.Build.0 = Debug|Any CPU
		{DC01D328-B5F8-49B4-9520-01A1F824A92D}.Debug|x86.ActiveCfg = Debug|Any CPU
		{DC01D328-B5F8-49B4-9520-01A1F824A92D}.Debug|x86.Build.0 = Debug|Any CPU
		{DC01D328-B5F8-49B4-9520-01A1F824A92D}.Release|Any CPU.ActiveCfg = Release|Any CPU
		{DC01D328-B5F8-49B4-9520-01A1F824A92D}.Release|Any CPU.Build.0 = Release|Any CPU
		{DC01D328-B5F8-49B4-9520-01A1F824A92D}.Release|x64.ActiveCfg = Release|Any CPU
		{DC01D328-B5F8-49B4-9520-01A1F824A92D}.Release|x64.Build.0 = Release|Any CPU
		{DC01D328-B5F8-49B4-9520-01A1F824A92D}.Release|x86.ActiveCfg = Release|Any CPU
		{DC01D328-B5F8-49B4-9520-01A1F824A92D}.Release|x86.Build.0 = Release|Any CPU
		{0FAB89A5-D6EB-46E6-9459-6F79CC2E8C42}.Debug|Any CPU.ActiveCfg = Debug|Any CPU
		{0FAB89A5-D6EB-46E6-9459-6F79CC2E8C42}.Debug|Any CPU.Build.0 = Debug|Any CPU
		{0FAB89A5-D6EB-46E6-9459-6F79CC2E8C42}.Debug|x64.ActiveCfg = Debug|Any CPU
		{0FAB89A5-D6EB-46E6-9459-6F79CC2E8C42}.Debug|x64.Build.0 = Debug|Any CPU
		{0FAB89A5-D6EB-46E6-9459-6F79CC2E8C42}.Debug|x86.ActiveCfg = Debug|Any CPU
		{0FAB89A5-D6EB-46E6-9459-6F79CC2E8C42}.Debug|x86.Build.0 = Debug|Any CPU
		{0FAB89A5-D6EB-46E6-9459-6F79CC2E8C42}.Release|Any CPU.ActiveCfg = Release|Any CPU
		{0FAB89A5-D6EB-46E6-9459-6F79CC2E8C42}.Release|Any CPU.Build.0 = Release|Any CPU
		{0FAB89A5-D6EB-46E6-9459-6F79CC2E8C42}.Release|x64.ActiveCfg = Release|Any CPU
		{0FAB89A5-D6EB-46E6-9459-6F79CC2E8C42}.Release|x64.Build.0 = Release|Any CPU
		{0FAB89A5-D6EB-46E6-9459-6F79CC2E8C42}.Release|x86.ActiveCfg = Release|Any CPU
		{0FAB89A5-D6EB-46E6-9459-6F79CC2E8C42}.Release|x86.Build.0 = Release|Any CPU
		{E83A4EDC-CA81-4DFD-8C41-5E766EE3308F}.Debug|Any CPU.ActiveCfg = Debug|Any CPU
		{E83A4EDC-CA81-4DFD-8C41-5E766EE3308F}.Debug|Any CPU.Build.0 = Debug|Any CPU
		{E83A4EDC-CA81-4DFD-8C41-5E766EE3308F}.Debug|x64.ActiveCfg = Debug|Any CPU
		{E83A4EDC-CA81-4DFD-8C41-5E766EE3308F}.Debug|x64.Build.0 = Debug|Any CPU
		{E83A4EDC-CA81-4DFD-8C41-5E766EE3308F}.Debug|x86.ActiveCfg = Debug|Any CPU
		{E83A4EDC-CA81-4DFD-8C41-5E766EE3308F}.Debug|x86.Build.0 = Debug|Any CPU
		{E83A4EDC-CA81-4DFD-8C41-5E766EE3308F}.Release|Any CPU.ActiveCfg = Release|Any CPU
		{E83A4EDC-CA81-4DFD-8C41-5E766EE3308F}.Release|Any CPU.Build.0 = Release|Any CPU
		{E83A4EDC-CA81-4DFD-8C41-5E766EE3308F}.Release|x64.ActiveCfg = Release|Any CPU
		{E83A4EDC-CA81-4DFD-8C41-5E766EE3308F}.Release|x64.Build.0 = Release|Any CPU
		{E83A4EDC-CA81-4DFD-8C41-5E766EE3308F}.Release|x86.ActiveCfg = Release|Any CPU
		{E83A4EDC-CA81-4DFD-8C41-5E766EE3308F}.Release|x86.Build.0 = Release|Any CPU
		{DF24C350-1856-4FB0-B981-89078E682AE4}.Debug|Any CPU.ActiveCfg = Debug|Any CPU
		{DF24C350-1856-4FB0-B981-89078E682AE4}.Debug|Any CPU.Build.0 = Debug|Any CPU
		{DF24C350-1856-4FB0-B981-89078E682AE4}.Debug|x64.ActiveCfg = Debug|Any CPU
		{DF24C350-1856-4FB0-B981-89078E682AE4}.Debug|x64.Build.0 = Debug|Any CPU
		{DF24C350-1856-4FB0-B981-89078E682AE4}.Debug|x86.ActiveCfg = Debug|Any CPU
		{DF24C350-1856-4FB0-B981-89078E682AE4}.Debug|x86.Build.0 = Debug|Any CPU
		{DF24C350-1856-4FB0-B981-89078E682AE4}.Release|Any CPU.ActiveCfg = Release|Any CPU
		{DF24C350-1856-4FB0-B981-89078E682AE4}.Release|Any CPU.Build.0 = Release|Any CPU
		{DF24C350-1856-4FB0-B981-89078E682AE4}.Release|x64.ActiveCfg = Release|Any CPU
		{DF24C350-1856-4FB0-B981-89078E682AE4}.Release|x64.Build.0 = Release|Any CPU
		{DF24C350-1856-4FB0-B981-89078E682AE4}.Release|x86.ActiveCfg = Release|Any CPU
		{DF24C350-1856-4FB0-B981-89078E682AE4}.Release|x86.Build.0 = Release|Any CPU
		{54E80983-F9C1-4F93-A54A-CF7F6F76FC95}.Debug|Any CPU.ActiveCfg = Debug|Any CPU
		{54E80983-F9C1-4F93-A54A-CF7F6F76FC95}.Debug|Any CPU.Build.0 = Debug|Any CPU
		{54E80983-F9C1-4F93-A54A-CF7F6F76FC95}.Debug|x64.ActiveCfg = Debug|Any CPU
		{54E80983-F9C1-4F93-A54A-CF7F6F76FC95}.Debug|x64.Build.0 = Debug|Any CPU
		{54E80983-F9C1-4F93-A54A-CF7F6F76FC95}.Debug|x86.ActiveCfg = Debug|Any CPU
		{54E80983-F9C1-4F93-A54A-CF7F6F76FC95}.Debug|x86.Build.0 = Debug|Any CPU
		{54E80983-F9C1-4F93-A54A-CF7F6F76FC95}.Release|Any CPU.ActiveCfg = Release|Any CPU
		{54E80983-F9C1-4F93-A54A-CF7F6F76FC95}.Release|Any CPU.Build.0 = Release|Any CPU
		{54E80983-F9C1-4F93-A54A-CF7F6F76FC95}.Release|x64.ActiveCfg = Release|Any CPU
		{54E80983-F9C1-4F93-A54A-CF7F6F76FC95}.Release|x64.Build.0 = Release|Any CPU
		{54E80983-F9C1-4F93-A54A-CF7F6F76FC95}.Release|x86.ActiveCfg = Release|Any CPU
		{54E80983-F9C1-4F93-A54A-CF7F6F76FC95}.Release|x86.Build.0 = Release|Any CPU
		{2A14C505-A1B8-45D7-8A9A-3BC35A1A94D0}.Debug|Any CPU.ActiveCfg = Debug|Any CPU
		{2A14C505-A1B8-45D7-8A9A-3BC35A1A94D0}.Debug|Any CPU.Build.0 = Debug|Any CPU
		{2A14C505-A1B8-45D7-8A9A-3BC35A1A94D0}.Debug|x64.ActiveCfg = Debug|Any CPU
		{2A14C505-A1B8-45D7-8A9A-3BC35A1A94D0}.Debug|x64.Build.0 = Debug|Any CPU
		{2A14C505-A1B8-45D7-8A9A-3BC35A1A94D0}.Debug|x86.ActiveCfg = Debug|Any CPU
		{2A14C505-A1B8-45D7-8A9A-3BC35A1A94D0}.Debug|x86.Build.0 = Debug|Any CPU
		{2A14C505-A1B8-45D7-8A9A-3BC35A1A94D0}.Release|Any CPU.ActiveCfg = Release|Any CPU
		{2A14C505-A1B8-45D7-8A9A-3BC35A1A94D0}.Release|Any CPU.Build.0 = Release|Any CPU
		{2A14C505-A1B8-45D7-8A9A-3BC35A1A94D0}.Release|x64.ActiveCfg = Release|Any CPU
		{2A14C505-A1B8-45D7-8A9A-3BC35A1A94D0}.Release|x64.Build.0 = Release|Any CPU
		{2A14C505-A1B8-45D7-8A9A-3BC35A1A94D0}.Release|x86.ActiveCfg = Release|Any CPU
		{2A14C505-A1B8-45D7-8A9A-3BC35A1A94D0}.Release|x86.Build.0 = Release|Any CPU
		{229CF04C-6C7B-4FA3-8A99-EACA55C613E6}.Debug|Any CPU.ActiveCfg = Debug|Any CPU
		{229CF04C-6C7B-4FA3-8A99-EACA55C613E6}.Debug|Any CPU.Build.0 = Debug|Any CPU
		{229CF04C-6C7B-4FA3-8A99-EACA55C613E6}.Debug|x64.ActiveCfg = Debug|Any CPU
		{229CF04C-6C7B-4FA3-8A99-EACA55C613E6}.Debug|x64.Build.0 = Debug|Any CPU
		{229CF04C-6C7B-4FA3-8A99-EACA55C613E6}.Debug|x86.ActiveCfg = Debug|Any CPU
		{229CF04C-6C7B-4FA3-8A99-EACA55C613E6}.Debug|x86.Build.0 = Debug|Any CPU
		{229CF04C-6C7B-4FA3-8A99-EACA55C613E6}.Release|Any CPU.ActiveCfg = Release|Any CPU
		{229CF04C-6C7B-4FA3-8A99-EACA55C613E6}.Release|Any CPU.Build.0 = Release|Any CPU
		{229CF04C-6C7B-4FA3-8A99-EACA55C613E6}.Release|x64.ActiveCfg = Release|Any CPU
		{229CF04C-6C7B-4FA3-8A99-EACA55C613E6}.Release|x64.Build.0 = Release|Any CPU
		{229CF04C-6C7B-4FA3-8A99-EACA55C613E6}.Release|x86.ActiveCfg = Release|Any CPU
		{229CF04C-6C7B-4FA3-8A99-EACA55C613E6}.Release|x86.Build.0 = Release|Any CPU
		{E756399F-01E6-4856-B5C6-2558D295012D}.Debug|Any CPU.ActiveCfg = Debug|Any CPU
		{E756399F-01E6-4856-B5C6-2558D295012D}.Debug|Any CPU.Build.0 = Debug|Any CPU
		{E756399F-01E6-4856-B5C6-2558D295012D}.Debug|x64.ActiveCfg = Debug|Any CPU
		{E756399F-01E6-4856-B5C6-2558D295012D}.Debug|x64.Build.0 = Debug|Any CPU
		{E756399F-01E6-4856-B5C6-2558D295012D}.Debug|x86.ActiveCfg = Debug|Any CPU
		{E756399F-01E6-4856-B5C6-2558D295012D}.Debug|x86.Build.0 = Debug|Any CPU
		{E756399F-01E6-4856-B5C6-2558D295012D}.Release|Any CPU.ActiveCfg = Release|Any CPU
		{E756399F-01E6-4856-B5C6-2558D295012D}.Release|Any CPU.Build.0 = Release|Any CPU
		{E756399F-01E6-4856-B5C6-2558D295012D}.Release|x64.ActiveCfg = Release|Any CPU
		{E756399F-01E6-4856-B5C6-2558D295012D}.Release|x64.Build.0 = Release|Any CPU
		{E756399F-01E6-4856-B5C6-2558D295012D}.Release|x86.ActiveCfg = Release|Any CPU
		{E756399F-01E6-4856-B5C6-2558D295012D}.Release|x86.Build.0 = Release|Any CPU
		{8790396D-460E-4A3B-9CF7-AD7DEC58FD9E}.Debug|Any CPU.ActiveCfg = Debug|Any CPU
		{8790396D-460E-4A3B-9CF7-AD7DEC58FD9E}.Debug|Any CPU.Build.0 = Debug|Any CPU
		{8790396D-460E-4A3B-9CF7-AD7DEC58FD9E}.Debug|x64.ActiveCfg = Debug|Any CPU
		{8790396D-460E-4A3B-9CF7-AD7DEC58FD9E}.Debug|x64.Build.0 = Debug|Any CPU
		{8790396D-460E-4A3B-9CF7-AD7DEC58FD9E}.Debug|x86.ActiveCfg = Debug|Any CPU
		{8790396D-460E-4A3B-9CF7-AD7DEC58FD9E}.Debug|x86.Build.0 = Debug|Any CPU
		{8790396D-460E-4A3B-9CF7-AD7DEC58FD9E}.Release|Any CPU.ActiveCfg = Release|Any CPU
		{8790396D-460E-4A3B-9CF7-AD7DEC58FD9E}.Release|Any CPU.Build.0 = Release|Any CPU
		{8790396D-460E-4A3B-9CF7-AD7DEC58FD9E}.Release|x64.ActiveCfg = Release|Any CPU
		{8790396D-460E-4A3B-9CF7-AD7DEC58FD9E}.Release|x64.Build.0 = Release|Any CPU
		{8790396D-460E-4A3B-9CF7-AD7DEC58FD9E}.Release|x86.ActiveCfg = Release|Any CPU
		{8790396D-460E-4A3B-9CF7-AD7DEC58FD9E}.Release|x86.Build.0 = Release|Any CPU
	EndGlobalSection
	GlobalSection(SolutionProperties) = preSolution
		HideSolutionNode = FALSE
	EndGlobalSection
	GlobalSection(NestedProjects) = preSolution
		{0FAB89A5-D6EB-46E6-9459-6F79CC2E8C42} = {F2F7520C-15F4-4776-9485-B69FB9D351DE}
		{E83A4EDC-CA81-4DFD-8C41-5E766EE3308F} = {F2F7520C-15F4-4776-9485-B69FB9D351DE}
		{DF24C350-1856-4FB0-B981-89078E682AE4} = {F2F7520C-15F4-4776-9485-B69FB9D351DE}
		{54E80983-F9C1-4F93-A54A-CF7F6F76FC95} = {F2F7520C-15F4-4776-9485-B69FB9D351DE}
		{2A14C505-A1B8-45D7-8A9A-3BC35A1A94D0} = {F2F7520C-15F4-4776-9485-B69FB9D351DE}
		{229CF04C-6C7B-4FA3-8A99-EACA55C613E6} = {F2F7520C-15F4-4776-9485-B69FB9D351DE}
		{E756399F-01E6-4856-B5C6-2558D295012D} = {F2F7520C-15F4-4776-9485-B69FB9D351DE}
		{8790396D-460E-4A3B-9CF7-AD7DEC58FD9E} = {F2F7520C-15F4-4776-9485-B69FB9D351DE}
	EndGlobalSection
	GlobalSection(ExtensibilityGlobals) = postSolution
		SolutionGuid = {0E56C0C8-0503-4C4D-BEBC-F660FBCEB5B6}
	EndGlobalSection
EndGlobal
